
Microsoft Visual Studio Solution File, Format Version 12.00
# Visual Studio Version 17
VisualStudioVersion = 17.5.002.0
MinimumVisualStudioVersion = 10.0.40219.1
Project("{9A19103F-16F7-4668-BE54-9A1E7A4F7556}") = "CSharpTest", "CSharpTest\CSharpTest.csproj", "{AA9DA9F5-F21D-4C53-8803-1877B7715717}"
EndProject
Global
	GlobalSection(SolutionConfigurationPlatforms) = preSolution
		Debug|Any CPU = Debug|Any CPU
		Release|Any CPU = Release|Any CPU
	EndGlobalSection
	GlobalSection(ProjectConfigurationPlatforms) = postSolution
		{AA9DA9F5-F21D-4C53-8803-1877B7715717}.Debug|Any CPU.ActiveCfg = Debug|Any CPU
		{AA9DA9F5-F21D-4C53-8803-1877B7715717}.Debug|Any CPU.Build.0 = Debug|Any CPU
		{AA9DA9F5-F21D-4C53-8803-1877B7715717}.Release|Any CPU.ActiveCfg = Release|Any CPU
		{AA9DA9F5-F21D-4C53-8803-1877B7715717}.Release|Any CPU.Build.0 = Release|Any CPU
	EndGlobalSection
	GlobalSection(SolutionProperties) = preSolution
		HideSolutionNode = FALSE
	EndGlobalSection
	GlobalSection(ExtensibilityGlobals) = postSolution
		SolutionGuid = {0430B7C5-11D0-4BCA-A6D9-5FC57FE85BFB}
	EndGlobalSection
EndGlobal
